{
  "name": "Bapu-clg",
  "lockfileVersion": 3,
  "requires": true,
  "packages": {
    "": {
      "dependencies": {
        "@hugeicons/core-free-icons": "^4.3.0",
        "@hugeicons/react": "^1.1.10"
      }
    },
    "node_modules/@hugeicons/core-free-icons": {
      "version": "4.3.0",
      "resolved": "https://registry.npmjs.org/@hugeicons/core-free-icons/-/core-free-icons-4.3.0.tgz",
      "integrity": "sha512-5DC5gq2psNDKBQThOjpuFCtMco8nl2FkrBzZgG15cFGM0kSwUoych/pw0DmjBygF9qRDITdBPtmzJqLsOeImMg==",
      "license": "MIT"
    },
    "node_modules/@hugeicons/react": {
      "version": "1.1.10",
      "resolved": "https://registry.npmjs.org/@hugeicons/react/-/react-1.1.10.tgz",
      "integrity": "sha512-9tAsd92yMVVGP+E+d8cM+wc0VnXuYZHNbWQi7TOe8k2neawmhiaFmVFbzyruejhOMa197/LbgvSED32ayUo3ZA==",
      "license": "MIT",
      "peerDependencies": {
        "react": ">=16.0.0"
      }
    },
    "node_modules/react": {
      "version": "19.2.8",
      "resolved": "https://registry.npmjs.org/react/-/react-19.2.8.tgz",
      "integrity": "sha512-PWaYA1L/q9u2u7xYQi+Y3L3Yfnie7XyLeaJICV1MGD6LprsBxcAqGjYyr0eY3p+QdsA+x/Irkt4Qif8D63+Sbw==",
      "license": "MIT",
      "peer": true,
      "engines": {
        "node": ">=0.10.0"
      }
    }
  }
}
